
Microsoft Visual Studio Solution File, Format Version 12.00
# Visual Studio Version 16
VisualStudioVersion = 16.0.29326.143
MinimumVisualStudioVersion = 10.0.40219.1
Project("{FAE04EC0-301F-11D3-BF4B-00C04F79EFBC}") = "HARRIS_SET_TIME", "HARRIS_SET_TIME\HARRIS_SET_TIME.csproj", "{C85EB4F1-3175-41DD-B322-3A4C1BA5A5ED}"
EndProject
Global
	GlobalSection(SolutionConfigurationPlatforms) = preSolution
		Debug|Any CPU = Debug|Any CPU
		Release|Any CPU = Release|Any CPU
	EndGlobalSection
	GlobalSection(ProjectConfigurationPlatforms) = postSolution
		{C85EB4F1-3175-41DD-B322-3A4C1BA5A5ED}.Debug|Any CPU.ActiveCfg = Debug|Any CPU
		{C85EB4F1-3175-41DD-B322-3A4C1BA5A5ED}.Debug|Any CPU.Build.0 = Debug|Any CPU
		{C85EB4F1-3175-41DD-B322-3A4C1BA5A5ED}.Release|Any CPU.ActiveCfg = Release|Any CPU
		{C85EB4F1-3175-41DD-B322-3A4C1BA5A5ED}.Release|Any CPU.Build.0 = Release|Any CPU
	EndGlobalSection
	GlobalSection(SolutionProperties) = preSolution
		HideSolutionNode = FALSE
	EndGlobalSection
	GlobalSection(ExtensibilityGlobals) = postSolution
		SolutionGuid = {00CA8E79-392B-4D0D-BE9D-C2264A6E5F3B}
	EndGlobalSection
EndGlobal
